// !$*UTF8*$!
{
	archiveVersion = 1;
	classes = {
	};
	objectVersion = 46;
	objects = {

/* Begin PBXBuildFile section */
		B47DCD271C15D52F008D12DC /* main.m in Sources */ = {isa = PBXBuildFile; fileRef = B47DCD261C15D52F008D12DC /* main.m */; };
		B47DCD2A1C15D52F008D12DC /* AppDelegate.m in Sources */ = {isa = PBXBuildFile; fileRef = B47DCD291C15D52F008D12DC /* AppDelegate.m */; };
		B47DCD301C15D52F008D12DC /* Main.storyboard in Resources */ = {isa = PBXBuildFile; fileRef = B47DCD2E1C15D52F008D12DC /* Main.storyboard */; };
		B47DCD321C15D52F008D12DC /* Assets.xcassets in Resources */ = {isa = PBXBuildFile; fileRef = B47DCD311C15D52F008D12DC /* Assets.xcassets */; };
		B47DCD351C15D52F008D12DC /* LaunchScreen.storyboard in Resources */ = {isa = PBXBuildFile; fileRef = B47DCD331C15D52F008D12DC /* LaunchScreen.storyboard */; };
		B47DCD401C15D52F008D12DC /* FibonacciTests.m in Sources */ = {isa = PBXBuildFile; fileRef = B47DCD3F1C15D52F008D12DC /* FibonacciTests.m */; };
		B47DCD4B1C15D530008D12DC /* FibonacciUITests.m in Sources */ = {isa = PBXBuildFile; fileRef = B47DCD4A1C15D530008D12DC /* FibonacciUITests.m */; };
		B47DCD5A1C15D58D008D12DC /* FibonacciTableViewController.m in Sources */ = {isa = PBXBuildFile; fileRef = B47DCD591C15D58D008D12DC /* FibonacciTableViewController.m */; };
/* End PBXBuildFile section */

/* Begin PBXContainerItemProxy section */
		B47DCD3C1C15D52F008D12DC /* PBXContainerItemProxy */ = {
			isa = PBXContainerItemProxy;
			containerPortal = B47DCD1A1C15D52F008D12DC /* Project object */;
			proxyType = 1;
			remoteGlobalIDString = B47DCD211C15D52F008D12DC;
			remoteInfo = Fibonacci;
		};
		B47DCD471C15D530008D12DC /* PBXContainerItemProxy */ = {
			isa = PBXContainerItemProxy;
			containerPortal = B47DCD1A1C15D52F008D12DC /* Project object */;
			proxyType = 1;
			remoteGlobalIDString = B47DCD211C15D52F008D12DC;
			remoteInfo = Fibonacci;
		};
/* End PBXContainerItemProxy section */

/* Begin PBXFileReference section */
		B47DCD221C15D52F008D12DC /* Fibonacci.app */ = {isa = PBXFileReference; explicitFileType = wrapper.application; includeInIndex = 0; path = Fibonacci.app; sourceTree = BUILT_PRODUCTS_DIR; };
		B47DCD261C15D52F008D12DC /* main.m */ = {isa = PBXFileReference; lastKnownFileType = sourcecode.c.objc; path = main.m; sourceTree = "<group>"; };
		B47DCD281C15D52F008D12DC /* AppDelegate.h */ = {isa = PBXFileReference; lastKnownFileType = sourcecode.c.h; path = AppDelegate.h; sourceTree = "<group>"; };
		B47DCD291C15D52F008D12DC /* AppDelegate.m */ = {isa = PBXFileReference; lastKnownFileType = sourcecode.c.objc; path = AppDelegate.m; sourceTree = "<group>"; };
		B47DCD2F1C15D52F008D12DC /* Base */ = {isa = PBXFileReference; lastKnownFileType = file.storyboard; name = Base; path = Base.lproj/Main.storyboard; sourceTree = "<group>"; };
		B47DCD311C15D52F008D12DC /* Assets.xcassets */ = {isa = PBXFileReference; lastKnownFileType = folder.assetcatalog; path = Assets.xcassets; sourceTree = "<group>"; };
		B47DCD341C15D52F008D12DC /* Base */ = {isa = PBXFileReference; lastKnownFileType = file.storyboard; name = Base; path = Base.lproj/LaunchScreen.storyboard; sourceTree = "<group>"; };
		B47DCD361C15D52F008D12DC /* Info.plist */ = {isa = PBXFileReference; lastKnownFileType = text.plist.xml; path = Info.plist; sourceTree = "<group>"; };
		B47DCD3B1C15D52F008D12DC /* FibonacciTests.xctest */ = {isa = PBXFileReference; explicitFileType = wrapper.cfbundle; includeInIndex = 0; path = FibonacciTests.xctest; sourceTree = BUILT_PRODUCTS_DIR; };
		B47DCD3F1C15D52F008D12DC /* FibonacciTests.m */ = {isa = PBXFileReference; lastKnownFileType = sourcecode.c.objc; path = FibonacciTests.m; sourceTree = "<group>"; };
		B47DCD411C15D52F008D12DC /* Info.plist */ = {isa = PBXFileReference; lastKnownFileType = text.plist.xml; path = Info.plist; sourceTree = "<group>"; };
		B47DCD461C15D530008D12DC /* FibonacciUITests.xctest */ = {isa = PBXFileReference; explicitFileType = wrapper.cfbundle; includeInIndex = 0; path = FibonacciUITests.xctest; sourceTree = BUILT_PRODUCTS_DIR; };
		B47DCD4A1C15D530008D12DC /* FibonacciUITests.m */ = {isa = PBXFileReference; lastKnownFileType = sourcecode.c.objc; path = FibonacciUITests.m; sourceTree = "<group>"; };
		B47DCD4C1C15D530008D12DC /* Info.plist */ = {isa = PBXFileReference; lastKnownFileType = text.plist.xml; path = Info.plist; sourceTree = "<group>"; };
		B47DCD581C15D58D008D12DC /* FibonacciTableViewController.h */ = {isa = PBXFileReference; fileEncoding = 4; lastKnownFileType = sourcecode.c.h; path = FibonacciTableViewController.h; sourceTree = "<group>"; };
		B47DCD591C15D58D008D12DC /* FibonacciTableViewController.m */ = {isa = PBXFileReference; fileEncoding = 4; lastKnownFileType = sourcecode.c.objc; path = FibonacciTableViewController.m; sourceTree = "<group>"; };
/* End PBXFileReference section */

/* Begin PBXFrameworksBuildPhase section */
		B47DCD1F1C15D52F008D12DC /* Frameworks */ = {
			isa = PBXFrameworksBuildPhase;
			buildActionMask = 2147483647;
			files = (
			);
			runOnlyForDeploymentPostprocessing = 0;
		};
		B47DCD381C15D52F008D12DC /* Frameworks */ = {
			isa = PBXFrameworksBuildPhase;
			buildActionMask = 2147483647;
			files = (
			);
			runOnlyForDeploymentPostprocessing = 0;
		};
		B47DCD431C15D530008D12DC /* Frameworks */ = {
			isa = PBXFrameworksBuildPhase;
			buildActionMask = 2147483647;
			files = (
			);
			runOnlyForDeploymentPostprocessing = 0;
		};
/* End PBXFrameworksBuildPhase section */

/* Begin PBXGroup section */
		B47DCD191C15D52F008D12DC = {
			isa = PBXGroup;
			children = (
				B47DCD241C15D52F008D12DC /* Fibonacci */,
				B47DCD3E1C15D52F008D12DC /* FibonacciTests */,
				B47DCD491C15D530008D12DC /* FibonacciUITests */,
				B47DCD231C15D52F008D12DC /* Products */,
			);
			sourceTree = "<group>";
		};
		B47DCD231C15D52F008D12DC /* Products */ = {
			isa = PBXGroup;
			children = (
				B47DCD221C15D52F008D12DC /* Fibonacci.app */,
				B47DCD3B1C15D52F008D12DC /* FibonacciTests.xctest */,
				B47DCD461C15D530008D12DC /* FibonacciUITests.xctest */,
			);
			name = Products;
			sourceTree = "<group>";
		};
		B47DCD241C15D52F008D12DC /* Fibonacci */ = {
			isa = PBXGroup;
			children = (
				B47DCD281C15D52F008D12DC /* AppDelegate.h */,
				B47DCD291C15D52F008D12DC /* AppDelegate.m */,
				B47DCD581C15D58D008D12DC /* FibonacciTableViewController.h */,
				B47DCD591C15D58D008D12DC /* FibonacciTableViewController.m */,
				B47DCD2E1C15D52F008D12DC /* Main.storyboard */,
				B47DCD311C15D52F008D12DC /* Assets.xcassets */,
				B47DCD331C15D52F008D12DC /* LaunchScreen.storyboard */,
				B47DCD361C15D52F008D12DC /* Info.plist */,
				B47DCD251C15D52F008D12DC /* Supporting Files */,
			);
			path = Fibonacci;
			sourceTree = "<group>";
		};
		B47DCD251C15D52F008D12DC /* Supporting Files */ = {
			isa = PBXGroup;
			children = (
				B47DCD261C15D52F008D12DC /* main.m */,
			);
			name = "Supporting Files";
			sourceTree = "<group>";
		};
		B47DCD3E1C15D52F008D12DC /* FibonacciTests */ = {
			isa = PBXGroup;
			children = (
				B47DCD3F1C15D52F008D12DC /* FibonacciTests.m */,
				B47DCD411C15D52F008D12DC /* Info.plist */,
			);
			path = FibonacciTests;
			sourceTree = "<group>";
		};
		B47DCD491C15D530008D12DC /* FibonacciUITests */ = {
			isa = PBXGroup;
			children = (
				B47DCD4A1C15D530008D12DC /* FibonacciUITests.m */,
				B47DCD4C1C15D530008D12DC /* Info.plist */,
			);
			path = FibonacciUITests;
			sourceTree = "<group>";
		};
/* End PBXGroup section */

/* Begin PBXNativeTarget section */
		B47DCD211C15D52F008D12DC /* Fibonacci */ = {
			isa = PBXNativeTarget;
			buildConfigurationList = B47DCD4F1C15D530008D12DC /* Build configuration list for PBXNativeTarget "Fibonacci" */;
			buildPhases = (
				B47DCD1E1C15D52F008D12DC /* Sources */,
				B47DCD1F1C15D52F008D12DC /* Frameworks */,
				B47DCD201C15D52F008D12DC /* Resources */,
			);
			buildRules = (
			);
			dependencies = (
			);
			name = Fibonacci;
			productName = Fibonacci;
			productReference = B47DCD221C15D52F008D12DC /* Fibonacci.app */;
			productType = "com.apple.product-type.application";
		};
		B47DCD3A1C15D52F008D12DC /* FibonacciTests */ = {
			isa = PBXNativeTarget;
			buildConfigurationList = B47DCD521C15D530008D12DC /* Build configuration list for PBXNativeTarget "FibonacciTests" */;
			buildPhases = (
				B47DCD371C15D52F008D12DC /* Sources */,
				B47DCD381C15D52F008D12DC /* Frameworks */,
				B47DCD391C15D52F008D12DC /* Resources */,
			);
			buildRules = (
			);
			dependencies = (
				B47DCD3D1C15D52F008D12DC /* PBXTargetDependency */,
			);
			name = FibonacciTests;
			productName = FibonacciTests;
			productReference = B47DCD3B1C15D52F008D12DC /* FibonacciTests.xctest */;
			productType = "com.apple.product-type.bundle.unit-test";
		};
		B47DCD451C15D530008D12DC /* FibonacciUITests */ = {
			isa = PBXNativeTarget;
			buildConfigurationList = B47DCD551C15D530008D12DC /* Build configuration list for PBXNativeTarget "FibonacciUITests" */;
			buildPhases = (
				B47DCD421C15D530008D12DC /* Sources */,
				B47DCD431C15D530008D12DC /* Frameworks */,
				B47DCD441C15D530008D12DC /* Resources */,
			);
			buildRules = (
			);
			dependencies = (
				B47DCD481C15D530008D12DC /* PBXTargetDependency */,
			);
			name = FibonacciUITests;
			productName = FibonacciUITests;
			productReference = B47DCD461C15D530008D12DC /* FibonacciUITests.xctest */;
			productType = "com.apple.product-type.bundle.ui-testing";
		};
/* End PBXNativeTarget section */

/* Begin PBXProject section */
		B47DCD1A1C15D52F008D12DC /* Project object */ = {
			isa = PBXProject;
			attributes = {
				LastUpgradeCheck = 0710;
				ORGANIZATIONNAME = "Joffrey Mann";
				TargetAttributes = {
					B47DCD211C15D52F008D12DC = {
						CreatedOnToolsVersion = 7.1.1;
						DevelopmentTeam = K4XCB84M6V;
					};
					B47DCD3A1C15D52F008D12DC = {
						CreatedOnToolsVersion = 7.1.1;
						TestTargetID = B47DCD211C15D52F008D12DC;
					};
					B47DCD451C15D530008D12DC = {
						CreatedOnToolsVersion = 7.1.1;
						TestTargetID = B47DCD211C15D52F008D12DC;
					};
				};
			};
			buildConfigurationList = B47DCD1D1C15D52F008D12DC /* Build configuration list for PBXProject "Fibonacci" */;
			compatibilityVersion = "Xcode 3.2";
			developmentRegion = English;
			hasScannedForEncodings = 0;
			knownRegions = (
				en,
				Base,
			);
			mainGroup = B47DCD191C15D52F008D12DC;
			productRefGroup = B47DCD231C15D52F008D12DC /* Products */;
			projectDirPath = "";
			projectRoot = "";
			targets = (
				B47DCD211C15D52F008D12DC /* Fibonacci */,
				B47DCD3A1C15D52F008D12DC /* FibonacciTests */,
				B47DCD451C15D530008D12DC /* FibonacciUITests */,
			);
		};
/* End PBXProject section */

/* Begin PBXResourcesBuildPhase section */
		B47DCD201C15D52F008D12DC /* Resources */ = {
			isa = PBXResourcesBuildPhase;
			buildActionMask = 2147483647;
			files = (
				B47DCD351C15D52F008D12DC /* LaunchScreen.storyboard in Resources */,
				B47DCD321C15D52F008D12DC /* Assets.xcassets in Resources */,
				B47DCD301C15D52F008D12DC /* Main.storyboard in Resources */,
			);
			runOnlyForDeploymentPostprocessing = 0;
		};
		B47DCD391C15D52F008D12DC /* Resources */ = {
			isa = PBXResourcesBuildPhase;
			buildActionMask = 2147483647;
			files = (
			);
			runOnlyForDeploymentPostprocessing = 0;
		};
		B47DCD441C15D530008D12DC /* Resources */ = {
			isa = PBXResourcesBuildPhase;
			buildActionMask = 2147483647;
			files = (
			);
			runOnlyForDeploymentPostprocessing = 0;
		};
/* End PBXResourcesBuildPhase section */

/* Begin PBXSourcesBuildPhase section */
		B47DCD1E1C15D52F008D12DC /* Sources */ = {
			isa = PBXSourcesBuildPhase;
			buildActionMask = 2147483647;
			files = (
				B47DCD5A1C15D58D008D12DC /* FibonacciTableViewController.m in Sources */,
				B47DCD2A1C15D52F008D12DC /* AppDelegate.m in Sources */,
				B47DCD271C15D52F008D12DC /* main.m in Sources */,
			);
			runOnlyForDeploymentPostprocessing = 0;
		};
		B47DCD371C15D52F008D12DC /* Sources */ = {
			isa = PBXSourcesBuildPhase;
			buildActionMask = 2147483647;
			files = (
				B47DCD401C15D52F008D12DC /* FibonacciTests.m in Sources */,
			);
			runOnlyForDeploymentPostprocessing = 0;
		};
		B47DCD421C15D530008D12DC /* Sources */ = {
			isa = PBXSourcesBuildPhase;
			buildActionMask = 2147483647;
			files = (
				B47DCD4B1C15D530008D12DC /* FibonacciUITests.m in Sources */,
			);
			runOnlyForDeploymentPostprocessing = 0;
		};
/* End PBXSourcesBuildPhase section */

/* Begin PBXTargetDependency section */
		B47DCD3D1C15D52F008D12DC /* PBXTargetDependency */ = {
			isa = PBXTargetDependency;
			target = B47DCD211C15D52F008D12DC /* Fibonacci */;
			targetProxy = B47DCD3C1C15D52F008D12DC /* PBXContainerItemProxy */;
		};
		B47DCD481C15D530008D12DC /* PBXTargetDependency */ = {
			isa = PBXTargetDependency;
			target = B47DCD211C15D52F008D12DC /* Fibonacci */;
			targetProxy = B47DCD471C15D530008D12DC /* PBXContainerItemProxy */;
		};
/* End PBXTargetDependency section */

/* Begin PBXVariantGroup section */
		B47DCD2E1C15D52F008D12DC /* Main.storyboard */ = {
			isa = PBXVariantGroup;
			children = (
				B47DCD2F1C15D52F008D12DC /* Base */,
			);
			name = Main.storyboard;
			sourceTree = "<group>";
		};
		B47DCD331C15D52F008D12DC /* LaunchScreen.storyboard */ = {
			isa = PBXVariantGroup;
			children = (
				B47DCD341C15D52F008D12DC /* Base */,
			);
			name = LaunchScreen.storyboard;
			sourceTree = "<group>";
		};
/* End PBXVariantGroup section */

/* Begin XCBuildConfiguration section */
		B47DCD4D1C15D530008D12DC /* Debug */ = {
			isa = XCBuildConfiguration;
			buildSettings = {
				ALWAYS_SEARCH_USER_PATHS = NO;
				CLANG_CXX_LANGUAGE_STANDARD = "gnu++0x";
				CLANG_CXX_LIBRARY = "libc++";
				CLANG_ENABLE_MODULES = YES;
				CLANG_ENABLE_OBJC_ARC = YES;
				CLANG_WARN_BOOL_CONVERSION = YES;
				CLANG_WARN_CONSTANT_CONVERSION = YES;
				CLANG_WARN_DIRECT_OBJC_ISA_USAGE = YES_ERROR;
				CLANG_WARN_EMPTY_BODY = YES;
				CLANG_WARN_ENUM_CONVERSION = YES;
				CLANG_WARN_INT_CONVERSION = YES;
				CLANG_WARN_OBJC_ROOT_CLASS = YES_ERROR;
				CLANG_WARN_UNREACHABLE_CODE = YES;
				CLANG_WARN__DUPLICATE_METHOD_MATCH = YES;
				"CODE_SIGN_IDENTITY[sdk=iphoneos*]" = "iPhone Developer";
				COPY_PHASE_STRIP = NO;
				DEBUG_INFORMATION_FORMAT = dwarf;
				ENABLE_STRICT_OBJC_MSGSEND = YES;
				ENABLE_TESTABILITY = YES;
				GCC_C_LANGUAGE_STANDARD = gnu99;
				GCC_DYNAMIC_NO_PIC = NO;
				GCC_NO_COMMON_BLOCKS = YES;
				GCC_OPTIMIZATION_LEVEL = 0;
				GCC_PREPROCESSOR_DEFINITIONS = (
					"DEBUG=1",
					"$(inherited)",
				);
				GCC_WARN_64_TO_32_BIT_CONVERSION = YES;
				GCC_WARN_ABOUT_RETURN_TYPE = YES_ERROR;
				GCC_WARN_UNDECLARED_SELECTOR = YES;
				GCC_WARN_UNINITIALIZED_AUTOS = YES_AGGRESSIVE;
				GCC_WARN_UNUSED_FUNCTION = YES;
				GCC_WARN_UNUSED_VARIABLE = YES;
				IPHONEOS_DEPLOYMENT_TARGET = 9.1;
				MTL_ENABLE_DEBUG_INFO = YES;
				ONLY_ACTIVE_ARCH = YES;
				SDKROOT = iphoneos;
			};
			name = Debug;
		};
		B47DCD4E1C15D530008D12DC /* Release */ = {
			isa = XCBuildConfiguration;
			buildSettings = {
				ALWAYS_SEARCH_USER_PATHS = NO;
				CLANG_CXX_LANGUAGE_STANDARD = "gnu++0x";
				CLANG_CXX_LIBRARY = "libc++";
				CLANG_ENABLE_MODULES = YES;
				CLANG_ENABLE_OBJC_ARC = YES;
				CLANG_WARN_BOOL_CONVERSION = YES;
				CLANG_WARN_CONSTANT_CONVERSION = YES;
				CLANG_WARN_DIRECT_OBJC_ISA_USAGE = YES_ERROR;
				CLANG_WARN_EMPTY_BODY = YES;
				CLANG_WARN_ENUM_CONVERSION = YES;
				CLANG_WARN_INT_CONVERSION = YES;
				CLANG_WARN_OBJC_ROOT_CLASS = YES_ERROR;
				CLANG_WARN_UNREACHABLE_CODE = YES;
				CLANG_WARN__DUPLICATE_METHOD_MATCH = YES;
				"CODE_SIGN_IDENTITY[sdk=iphoneos*]" = "iPhone Developer";
				COPY_PHASE_STRIP = NO;
				DEBUG_INFORMATION_FORMAT = "dwarf-with-dsym";
				ENABLE_NS_ASSERTIONS = NO;
				ENABLE_STRICT_OBJC_MSGSEND = YES;
				GCC_C_LANGUAGE_STANDARD = gnu99;
				GCC_NO_COMMON_BLOCKS = YES;
				GCC_WARN_64_TO_32_BIT_CONVERSION = YES;
				GCC_WARN_ABOUT_RETURN_TYPE = YES_ERROR;
				GCC_WARN_UNDECLARED_SELECTOR = YES;
				GCC_WARN_UNINITIALIZED_AUTOS = YES_AGGRESSIVE;
				GCC_WARN_UNUSED_FUNCTION = YES;
				GCC_WARN_UNUSED_VARIABLE = YES;
				IPHONEOS_DEPLOYMENT_TARGET = 9.1;
				MTL_ENABLE_DEBUG_INFO = NO;
				SDKROOT = iphoneos;
				VALIDATE_PRODUCT = YES;
			};
			name = Release;
		};
		B47DCD501C15D530008D12DC /* Debug */ = {
			isa = XCBuildConfiguration;
			buildSettings = {
				ASSETCATALOG_COMPILER_APPICON_NAME = AppIcon;
				CODE_SIGN_IDENTITY = "iPhone Developer";
				INFOPLIST_FILE = Fibonacci/Info.plist;
				LD_RUNPATH_SEARCH_PATHS = "$(inherited) @executable_path/Frameworks";
				PRODUCT_BUNDLE_IDENTIFIER = clutchMobileApps.Fibonacci;
				PRODUCT_NAME = "$(TARGET_NAME)";
			};
			name = Debug;
		};
		B47DCD511C15D530008D12DC /* Release */ = {
			isa = XCBuildConfiguration;
			buildSettings = {
				ASSETCATALOG_COMPILER_APPICON_NAME = AppIcon;
				CODE_SIGN_IDENTITY = "iPhone Developer";
				INFOPLIST_FILE = Fibonacci/Info.plist;
				LD_RUNPATH_SEARCH_PATHS = "$(inherited) @executable_path/Frameworks";
				PRODUCT_BUNDLE_IDENTIFIER = clutchMobileApps.Fibonacci;
				PRODUCT_NAME = "$(TARGET_NAME)";
			};
			name = Release;
		};
		B47DCD531C15D530008D12DC /* Debug */ = {
			isa = XCBuildConfiguration;
			buildSettings = {
				BUNDLE_LOADER = "$(TEST_HOST)";
				INFOPLIST_FILE = FibonacciTests/Info.plist;
				LD_RUNPATH_SEARCH_PATHS = "$(inherited) @executable_path/Frameworks @loader_path/Frameworks";
				PRODUCT_BUNDLE_IDENTIFIER = clutchMobileApps.FibonacciTests;
				PRODUCT_NAME = "$(TARGET_NAME)";
				TEST_HOST = "$(BUILT_PRODUCTS_DIR)/Fibonacci.app/Fibonacci";
			};
			name = Debug;
		};
		B47DCD541C15D530008D12DC /* Release */ = {
			isa = XCBuildConfiguration;
			buildSettings = {
				BUNDLE_LOADER = "$(TEST_HOST)";
				INFOPLIST_FILE = FibonacciTests/Info.plist;
				LD_RUNPATH_SEARCH_PATHS = "$(inherited) @executable_path/Frameworks @loader_path/Frameworks";
				PRODUCT_BUNDLE_IDENTIFIER = clutchMobileApps.FibonacciTests;
				PRODUCT_NAME = "$(TARGET_NAME)";
				TEST_HOST = "$(BUILT_PRODUCTS_DIR)/Fibonacci.app/Fibonacci";
			};
			name = Release;
		};
		B47DCD561C15D530008D12DC /* Debug */ = {
			isa = XCBuildConfiguration;
			buildSettings = {
				INFOPLIST_FILE = FibonacciUITests/Info.plist;
				LD_RUNPATH_SEARCH_PATHS = "$(inherited) @executable_path/Frameworks @loader_path/Frameworks";
				PRODUCT_BUNDLE_IDENTIFIER = clutchMobileApps.FibonacciUITests;
				PRODUCT_NAME = "$(TARGET_NAME)";
				TEST_TARGET_NAME = Fibonacci;
				USES_XCTRUNNER = YES;
			};
			name = Debug;
		};
		B47DCD571C15D530008D12DC /* Release */ = {
			isa = XCBuildConfiguration;
			buildSettings = {
				INFOPLIST_FILE = FibonacciUITests/Info.plist;
				LD_RUNPATH_SEARCH_PATHS = "$(inherited) @executable_path/Frameworks @loader_path/Frameworks";
				PRODUCT_BUNDLE_IDENTIFIER = clutchMobileApps.FibonacciUITests;
				PRODUCT_NAME = "$(TARGET_NAME)";
				TEST_TARGET_NAME = Fibonacci;
				USES_XCTRUNNER = YES;
			};
			name = Release;
		};
/* End XCBuildConfiguration section */

/* Begin XCConfigurationList section */
		B47DCD1D1C15D52F008D12DC /* Build configuration list for PBXProject "Fibonacci" */ = {
			isa = XCConfigurationList;
			buildConfigurations = (
				B47DCD4D1C15D530008D12DC /* Debug */,
				B47DCD4E1C15D530008D12DC /* Release */,
			);
			defaultConfigurationIsVisible = 0;
			defaultConfigurationName = Release;
		};
		B47DCD4F1C15D530008D12DC /* Build configuration list for PBXNativeTarget "Fibonacci" */ = {
			isa = XCConfigurationList;
			buildConfigurations = (
				B47DCD501C15D530008D12DC /* Debug */,
				B47DCD511C15D530008D12DC /* Release */,
			);
			defaultConfigurationIsVisible = 0;
		};
		B47DCD521C15D530008D12DC /* Build configuration list for PBXNativeTarget "FibonacciTests" */ = {
			isa = XCConfigurationList;
			buildConfigurations = (
				B47DCD531C15D530008D12DC /* Debug */,
				B47DCD541C15D530008D12DC /* Release */,
			);
			defaultConfigurationIsVisible = 0;
		};
		B47DCD551C15D530008D12DC /* Build configuration list for PBXNativeTarget "FibonacciUITests" */ = {
			isa = XCConfigurationList;
			buildConfigurations = (
				B47DCD561C15D530008D12DC /* Debug */,
				B47DCD571C15D530008D12DC /* Release */,
			);
			defaultConfigurationIsVisible = 0;
		};
/* End XCConfigurationList section */
	};
	rootObject = B47DCD1A1C15D52F008D12DC /* Project object */;
}
